// !$*UTF8*$!
{
	archiveVersion = 1;
	classes = {
	};
	objectVersion = 50;
	objects = {

/* Begin PBXBuildFile section */
		6E83A83D23CD8C0C00B5BECC /* AppDelegate.m in Sources */ = {isa = PBXBuildFile; fileRef = 6E83A83C23CD8C0C00B5BECC /* AppDelegate.m */; };
		6E83A83F23CD8C0D00B5BECC /* Assets.xcassets in Resources */ = {isa = PBXBuildFile; fileRef = 6E83A83E23CD8C0D00B5BECC /* Assets.xcassets */; };
		6E83A84223CD8C0D00B5BECC /* MainMenu.xib in Resources */ = {isa = PBXBuildFile; fileRef = 6E83A84023CD8C0D00B5BECC /* MainMenu.xib */; };
		6E83A84523CD8C0D00B5BECC /* main.m in Sources */ = {isa = PBXBuildFile; fileRef = 6E83A84423CD8C0D00B5BECC /* main.m */; };
		6E83A84E23CD8C2800B5BECC /* FootballClub.m in Sources */ = {isa = PBXBuildFile; fileRef = 6E83A84D23CD8C2800B5BECC /* FootballClub.m */; };
/* End PBXBuildFile section */

/* Begin PBXFileReference section */
		6E83A83823CD8C0C00B5BECC /* Cocoa Table View.app */ = {isa = PBXFileReference; explicitFileType = wrapper.application; includeInIndex = 0; path = "Cocoa Table View.app"; sourceTree = BUILT_PRODUCTS_DIR; };
		6E83A83B23CD8C0C00B5BECC /* AppDelegate.h */ = {isa = PBXFileReference; lastKnownFileType = sourcecode.c.h; path = AppDelegate.h; sourceTree = "<group>"; };
		6E83A83C23CD8C0C00B5BECC /* AppDelegate.m */ = {isa = PBXFileReference; lastKnownFileType = sourcecode.c.objc; path = AppDelegate.m; sourceTree = "<group>"; };
		6E83A83E23CD8C0D00B5BECC /* Assets.xcassets */ = {isa = PBXFileReference; lastKnownFileType = folder.assetcatalog; path = Assets.xcassets; sourceTree = "<group>"; };
		6E83A84123CD8C0D00B5BECC /* Base */ = {isa = PBXFileReference; lastKnownFileType = file.xib; name = Base; path = Base.lproj/MainMenu.xib; sourceTree = "<group>"; };
		6E83A84323CD8C0D00B5BECC /* Info.plist */ = {isa = PBXFileReference; lastKnownFileType = text.plist.xml; path = Info.plist; sourceTree = "<group>"; };
		6E83A84423CD8C0D00B5BECC /* main.m */ = {isa = PBXFileReference; lastKnownFileType = sourcecode.c.objc; path = main.m; sourceTree = "<group>"; };
		6E83A84623CD8C0D00B5BECC /* Cocoa_Table_View.entitlements */ = {isa = PBXFileReference; lastKnownFileType = text.plist.entitlements; path = Cocoa_Table_View.entitlements; sourceTree = "<group>"; };
		6E83A84C23CD8C2800B5BECC /* FootballClub.h */ = {isa = PBXFileReference; lastKnownFileType = sourcecode.c.h; path = FootballClub.h; sourceTree = "<group>"; };
		6E83A84D23CD8C2800B5BECC /* FootballClub.m */ = {isa = PBXFileReference; lastKnownFileType = sourcecode.c.objc; path = FootballClub.m; sourceTree = "<group>"; };
/* End PBXFileReference section */

/* Begin PBXFrameworksBuildPhase section */
		6E83A83523CD8C0C00B5BECC /* Frameworks */ = {
			isa = PBXFrameworksBuildPhase;
			buildActionMask = 2147483647;
			files = (
			);
			runOnlyForDeploymentPostprocessing = 0;
		};
/* End PBXFrameworksBuildPhase section */

/* Begin PBXGroup section */
		6E83A82F23CD8C0C00B5BECC = {
			isa = PBXGroup;
			children = (
				6E83A83A23CD8C0C00B5BECC /* Cocoa Table View */,
				6E83A83923CD8C0C00B5BECC /* Products */,
			);
			sourceTree = "<group>";
		};
		6E83A83923CD8C0C00B5BECC /* Products */ = {
			isa = PBXGroup;
			children = (
				6E83A83823CD8C0C00B5BECC /* Cocoa Table View.app */,
			);
			name = Products;
			sourceTree = "<group>";
		};
		6E83A83A23CD8C0C00B5BECC /* Cocoa Table View */ = {
			isa = PBXGroup;
			children = (
				6E83A83B23CD8C0C00B5BECC /* AppDelegate.h */,
				6E83A83C23CD8C0C00B5BECC /* AppDelegate.m */,
				6E83A83E23CD8C0D00B5BECC /* Assets.xcassets */,
				6E83A84023CD8C0D00B5BECC /* MainMenu.xib */,
				6E83A84323CD8C0D00B5BECC /* Info.plist */,
				6E83A84423CD8C0D00B5BECC /* main.m */,
				6E83A84623CD8C0D00B5BECC /* Cocoa_Table_View.entitlements */,
				6E83A84C23CD8C2800B5BECC /* FootballClub.h */,
				6E83A84D23CD8C2800B5BECC /* FootballClub.m */,
			);
			path = "Cocoa Table View";
			sourceTree = "<group>";
		};
/* End PBXGroup section */

/* Begin PBXNativeTarget section */
		6E83A83723CD8C0C00B5BECC /* Cocoa Table View */ = {
			isa = PBXNativeTarget;
			buildConfigurationList = 6E83A84923CD8C0D00B5BECC /* Build configuration list for PBXNativeTarget "Cocoa Table View" */;
			buildPhases = (
				6E83A83423CD8C0C00B5BECC /* Sources */,
				6E83A83523CD8C0C00B5BECC /* Frameworks */,
				6E83A83623CD8C0C00B5BECC /* Resources */,
			);
			buildRules = (
			);
			dependencies = (
			);
			name = "Cocoa Table View";
			productName = "Cocoa Table View";
			productReference = 6E83A83823CD8C0C00B5BECC /* Cocoa Table View.app */;
			productType = "com.apple.product-type.application";
		};
/* End PBXNativeTarget section */

/* Begin PBXProject section */
		6E83A83023CD8C0C00B5BECC /* Project object */ = {
			isa = PBXProject;
			attributes = {
				LastUpgradeCheck = 1130;
				ORGANIZATIONNAME = "Mac Developers";
				TargetAttributes = {
					6E83A83723CD8C0C00B5BECC = {
						CreatedOnToolsVersion = 11.3;
					};
				};
			};
			buildConfigurationList = 6E83A83323CD8C0C00B5BECC /* Build configuration list for PBXProject "Cocoa Table View" */;
			compatibilityVersion = "Xcode 9.3";
			developmentRegion = en;
			hasScannedForEncodings = 0;
			knownRegions = (
				en,
				Base,
			);
			mainGroup = 6E83A82F23CD8C0C00B5BECC;
			productRefGroup = 6E83A83923CD8C0C00B5BECC /* Products */;
			projectDirPath = "";
			projectRoot = "";
			targets = (
				6E83A83723CD8C0C00B5BECC /* Cocoa Table View */,
			);
		};
/* End PBXProject section */

/* Begin PBXResourcesBuildPhase section */
		6E83A83623CD8C0C00B5BECC /* Resources */ = {
			isa = PBXResourcesBuildPhase;
			buildActionMask = 2147483647;
			files = (
				6E83A83F23CD8C0D00B5BECC /* Assets.xcassets in Resources */,
				6E83A84223CD8C0D00B5BECC /* MainMenu.xib in Resources */,
			);
			runOnlyForDeploymentPostprocessing = 0;
		};
/* End PBXResourcesBuildPhase section */

/* Begin PBXSourcesBuildPhase section */
		6E83A83423CD8C0C00B5BECC /* Sources */ = {
			isa = PBXSourcesBuildPhase;
			buildActionMask = 2147483647;
			files = (
				6E83A84523CD8C0D00B5BECC /* main.m in Sources */,
				6E83A83D23CD8C0C00B5BECC /* AppDelegate.m in Sources */,
				6E83A84E23CD8C2800B5BECC /* FootballClub.m in Sources */,
			);
			runOnlyForDeploymentPostprocessing = 0;
		};
/* End PBXSourcesBuildPhase section */

/* Begin PBXVariantGroup section */
		6E83A84023CD8C0D00B5BECC /* MainMenu.xib */ = {
			isa = PBXVariantGroup;
			children = (
				6E83A84123CD8C0D00B5BECC /* Base */,
			);
			name = MainMenu.xib;
			sourceTree = "<group>";
		};
/* End PBXVariantGroup section */

/* Begin XCBuildConfiguration section */
		6E83A84723CD8C0D00B5BECC /* Debug */ = {
			isa = XCBuildConfiguration;
			buildSettings = {
				ALWAYS_SEARCH_USER_PATHS = NO;
				CLANG_ANALYZER_NONNULL = YES;
				CLANG_ANALYZER_NUMBER_OBJECT_CONVERSION = YES_AGGRESSIVE;
				CLANG_CXX_LANGUAGE_STANDARD = "gnu++14";
				CLANG_CXX_LIBRARY = "libc++";
				CLANG_ENABLE_MODULES = YES;
				CLANG_ENABLE_OBJC_ARC = YES;
				CLANG_ENABLE_OBJC_WEAK = YES;
				CLANG_WARN_BLOCK_CAPTURE_AUTORELEASING = YES;
				CLANG_WARN_BOOL_CONVERSION = YES;
				CLANG_WARN_COMMA = YES;
				CLANG_WARN_CONSTANT_CONVERSION = YES;
				CLANG_WARN_DEPRECATED_OBJC_IMPLEMENTATIONS = YES;
				CLANG_WARN_DIRECT_OBJC_ISA_USAGE = YES_ERROR;
				CLANG_WARN_DOCUMENTATION_COMMENTS = YES;
				CLANG_WARN_EMPTY_BODY = YES;
				CLANG_WARN_ENUM_CONVERSION = YES;
				CLANG_WARN_INFINITE_RECURSION = YES;
				CLANG_WARN_INT_CONVERSION = YES;
				CLANG_WARN_NON_LITERAL_NULL_CONVERSION = YES;
				CLANG_WARN_OBJC_IMPLICIT_RETAIN_SELF = YES;
				CLANG_WARN_OBJC_LITERAL_CONVERSION = YES;
				CLANG_WARN_OBJC_ROOT_CLASS = YES_ERROR;
				CLANG_WARN_RANGE_LOOP_ANALYSIS = YES;
				CLANG_WARN_STRICT_PROTOTYPES = YES;
				CLANG_WARN_SUSPICIOUS_MOVE = YES;
				CLANG_WARN_UNGUARDED_AVAILABILITY = YES_AGGRESSIVE;
				CLANG_WARN_UNREACHABLE_CODE = YES;
				CLANG_WARN__DUPLICATE_METHOD_MATCH = YES;
				COPY_PHASE_STRIP = NO;
				DEBUG_INFORMATION_FORMAT = dwarf;
				ENABLE_STRICT_OBJC_MSGSEND = YES;
				ENABLE_TESTABILITY = YES;
				GCC_C_LANGUAGE_STANDARD = gnu11;
				GCC_DYNAMIC_NO_PIC = NO;
				GCC_NO_COMMON_BLOCKS = YES;
				GCC_OPTIMIZATION_LEVEL = 0;
				GCC_PREPROCESSOR_DEFINITIONS = (
					"DEBUG=1",
					"$(inherited)",
				);
				GCC_WARN_64_TO_32_BIT_CONVERSION = YES;
				GCC_WARN_ABOUT_RETURN_TYPE = YES_ERROR;
				GCC_WARN_UNDECLARED_SELECTOR = YES;
				GCC_WARN_UNINITIALIZED_AUTOS = YES_AGGRESSIVE;
				GCC_WARN_UNUSED_FUNCTION = YES;
				GCC_WARN_UNUSED_VARIABLE = YES;
				MACOSX_DEPLOYMENT_TARGET = 10.15;
				MTL_ENABLE_DEBUG_INFO = INCLUDE_SOURCE;
				MTL_FAST_MATH = YES;
				ONLY_ACTIVE_ARCH = YES;
				SDKROOT = macosx;
			};
			name = Debug;
		};
		6E83A84823CD8C0D00B5BECC /* Release */ = {
			isa = XCBuildConfiguration;
			buildSettings = {
				ALWAYS_SEARCH_USER_PATHS = NO;
				CLANG_ANALYZER_NONNULL = YES;
				CLANG_ANALYZER_NUMBER_OBJECT_CONVERSION = YES_AGGRESSIVE;
				CLANG_CXX_LANGUAGE_STANDARD = "gnu++14";
				CLANG_CXX_LIBRARY = "libc++";
				CLANG_ENABLE_MODULES = YES;
				CLANG_ENABLE_OBJC_ARC = YES;
				CLANG_ENABLE_OBJC_WEAK = YES;
				CLANG_WARN_BLOCK_CAPTURE_AUTORELEASING = YES;
				CLANG_WARN_BOOL_CONVERSION = YES;
				CLANG_WARN_COMMA = YES;
				CLANG_WARN_CONSTANT_CONVERSION = YES;
				CLANG_WARN_DEPRECATED_OBJC_IMPLEMENTATIONS = YES;
				CLANG_WARN_DIRECT_OBJC_ISA_USAGE = YES_ERROR;
				CLANG_WARN_DOCUMENTATION_COMMENTS = YES;
				CLANG_WARN_EMPTY_BODY = YES;
				CLANG_WARN_ENUM_CONVERSION = YES;
				CLANG_WARN_INFINITE_RECURSION = YES;
				CLANG_WARN_INT_CONVERSION = YES;
				CLANG_WARN_NON_LITERAL_NULL_CONVERSION = YES;
				CLANG_WARN_OBJC_IMPLICIT_RETAIN_SELF = YES;
				CLANG_WARN_OBJC_LITERAL_CONVERSION = YES;
				CLANG_WARN_OBJC_ROOT_CLASS = YES_ERROR;
				CLANG_WARN_RANGE_LOOP_ANALYSIS = YES;
				CLANG_WARN_STRICT_PROTOTYPES = YES;
				CLANG_WARN_SUSPICIOUS_MOVE = YES;
				CLANG_WARN_UNGUARDED_AVAILABILITY = YES_AGGRESSIVE;
				CLANG_WARN_UNREACHABLE_CODE = YES;
				CLANG_WARN__DUPLICATE_METHOD_MATCH = YES;
				COPY_PHASE_STRIP = NO;
				DEBUG_INFORMATION_FORMAT = "dwarf-with-dsym";
				ENABLE_NS_ASSERTIONS = NO;
				ENABLE_STRICT_OBJC_MSGSEND = YES;
				GCC_C_LANGUAGE_STANDARD = gnu11;
				GCC_NO_COMMON_BLOCKS = YES;
				GCC_WARN_64_TO_32_BIT_CONVERSION = YES;
				GCC_WARN_ABOUT_RETURN_TYPE = YES_ERROR;
				GCC_WARN_UNDECLARED_SELECTOR = YES;
				GCC_WARN_UNINITIALIZED_AUTOS = YES_AGGRESSIVE;
				GCC_WARN_UNUSED_FUNCTION = YES;
				GCC_WARN_UNUSED_VARIABLE = YES;
				MACOSX_DEPLOYMENT_TARGET = 10.15;
				MTL_ENABLE_DEBUG_INFO = NO;
				MTL_FAST_MATH = YES;
				SDKROOT = macosx;
			};
			name = Release;
		};
		6E83A84A23CD8C0D00B5BECC /* Debug */ = {
			isa = XCBuildConfiguration;
			buildSettings = {
				ASSETCATALOG_COMPILER_APPICON_NAME = AppIcon;
				CODE_SIGN_ENTITLEMENTS = "Cocoa Table View/Cocoa_Table_View.entitlements";
				CODE_SIGN_STYLE = Automatic;
				COMBINE_HIDPI_IMAGES = YES;
				INFOPLIST_FILE = "Cocoa Table View/Info.plist";
				LD_RUNPATH_SEARCH_PATHS = (
					"$(inherited)",
					"@executable_path/../Frameworks",
				);
				PRODUCT_BUNDLE_IDENTIFIER = "Mac-Developers.Cocoa-Table-View";
				PRODUCT_NAME = "$(TARGET_NAME)";
			};
			name = Debug;
		};
		6E83A84B23CD8C0D00B5BECC /* Release */ = {
			isa = XCBuildConfiguration;
			buildSettings = {
				ASSETCATALOG_COMPILER_APPICON_NAME = AppIcon;
				CODE_SIGN_ENTITLEMENTS = "Cocoa Table View/Cocoa_Table_View.entitlements";
				CODE_SIGN_STYLE = Automatic;
				COMBINE_HIDPI_IMAGES = YES;
				INFOPLIST_FILE = "Cocoa Table View/Info.plist";
				LD_RUNPATH_SEARCH_PATHS = (
					"$(inherited)",
					"@executable_path/../Frameworks",
				);
				PRODUCT_BUNDLE_IDENTIFIER = "Mac-Developers.Cocoa-Table-View";
				PRODUCT_NAME = "$(TARGET_NAME)";
			};
			name = Release;
		};
/* End XCBuildConfiguration section */

/* Begin XCConfigurationList section */
		6E83A83323CD8C0C00B5BECC /* Build configuration list for PBXProject "Cocoa Table View" */ = {
			isa = XCConfigurationList;
			buildConfigurations = (
				6E83A84723CD8C0D00B5BECC /* Debug */,
				6E83A84823CD8C0D00B5BECC /* Release */,
			);
			defaultConfigurationIsVisible = 0;
			defaultConfigurationName = Release;
		};
		6E83A84923CD8C0D00B5BECC /* Build configuration list for PBXNativeTarget "Cocoa Table View" */ = {
			isa = XCConfigurationList;
			buildConfigurations = (
				6E83A84A23CD8C0D00B5BECC /* Debug */,
				6E83A84B23CD8C0D00B5BECC /* Release */,
			);
			defaultConfigurationIsVisible = 0;
			defaultConfigurationName = Release;
		};
/* End XCConfigurationList section */
	};
	rootObject = 6E83A83023CD8C0C00B5BECC /* Project object */;
}
